
Microsoft Visual Studio Solution File, Format Version 12.00
# Visual Studio 15
VisualStudioVersion = 15.0.26124.0
MinimumVisualStudioVersion = 15.0.26124.0
Project("{FAE04EC0-301F-11D3-BF4B-00C04F79EFBC}") = "Messaging.Test", "Messaging.Test\Messaging.Test.csproj", "{E9A4BA53-AB4D-491D-8F37-2D49435A6490}"
EndProject
Project("{FAE04EC0-301F-11D3-BF4B-00C04F79EFBC}") = "Messaging", "Messaging\Messaging.csproj", "{1C6C4E23-D9D8-4CA1-842F-B76B6E50D8DB}"
EndProject
Project("{FAE04EC0-301F-11D3-BF4B-00C04F79EFBC}") = "Messaging.Core", "Messaging.Core\Messaging.Core.csproj", "{217235C2-2E8C-4AC8-8A05-BDA6A1CBF59D}"
EndProject
Project("{FAE04EC0-301F-11D3-BF4B-00C04F79EFBC}") = "Messaging.Infrastructure", "Messaging.Infrastructure\Messaging.Infrastructure.csproj", "{91C7B6F8-04B4-44E5-9BC3-E246A8FA4256}"
EndProject
Project("{FAE04EC0-301F-11D3-BF4B-00C04F79EFBC}") = "Messaging.Api", "Messaging.Api\Messaging.Api.csproj", "{E819651F-FC66-4DF2-BCFF-6BC7F694739C}"
EndProject
Global
	GlobalSection(SolutionConfigurationPlatforms) = preSolution
		Debug|Any CPU = Debug|Any CPU
		Debug|x64 = Debug|x64
		Debug|x86 = Debug|x86
		Release|Any CPU = Release|Any CPU
		Release|x64 = Release|x64
		Release|x86 = Release|x86
	EndGlobalSection
	GlobalSection(SolutionProperties) = preSolution
		HideSolutionNode = FALSE
	EndGlobalSection
	GlobalSection(ProjectConfigurationPlatforms) = postSolution
		{E9A4BA53-AB4D-491D-8F37-2D49435A6490}.Debug|Any CPU.ActiveCfg = Debug|Any CPU
		{E9A4BA53-AB4D-491D-8F37-2D49435A6490}.Debug|Any CPU.Build.0 = Debug|Any CPU
		{E9A4BA53-AB4D-491D-8F37-2D49435A6490}.Debug|x64.ActiveCfg = Debug|Any CPU
		{E9A4BA53-AB4D-491D-8F37-2D49435A6490}.Debug|x64.Build.0 = Debug|Any CPU
		{E9A4BA53-AB4D-491D-8F37-2D49435A6490}.Debug|x86.ActiveCfg = Debug|Any CPU
		{E9A4BA53-AB4D-491D-8F37-2D49435A6490}.Debug|x86.Build.0 = Debug|Any CPU
		{E9A4BA53-AB4D-491D-8F37-2D49435A6490}.Release|Any CPU.ActiveCfg = Release|Any CPU
		{E9A4BA53-AB4D-491D-8F37-2D49435A6490}.Release|Any CPU.Build.0 = Release|Any CPU
		{E9A4BA53-AB4D-491D-8F37-2D49435A6490}.Release|x64.ActiveCfg = Release|Any CPU
		{E9A4BA53-AB4D-491D-8F37-2D49435A6490}.Release|x64.Build.0 = Release|Any CPU
		{E9A4BA53-AB4D-491D-8F37-2D49435A6490}.Release|x86.ActiveCfg = Release|Any CPU
		{E9A4BA53-AB4D-491D-8F37-2D49435A6490}.Release|x86.Build.0 = Release|Any CPU
		{1C6C4E23-D9D8-4CA1-842F-B76B6E50D8DB}.Debug|Any CPU.ActiveCfg = Debug|Any CPU
		{1C6C4E23-D9D8-4CA1-842F-B76B6E50D8DB}.Debug|Any CPU.Build.0 = Debug|Any CPU
		{1C6C4E23-D9D8-4CA1-842F-B76B6E50D8DB}.Debug|x64.ActiveCfg = Debug|Any CPU
		{1C6C4E23-D9D8-4CA1-842F-B76B6E50D8DB}.Debug|x64.Build.0 = Debug|Any CPU
		{1C6C4E23-D9D8-4CA1-842F-B76B6E50D8DB}.Debug|x86.ActiveCfg = Debug|Any CPU
		{1C6C4E23-D9D8-4CA1-842F-B76B6E50D8DB}.Debug|x86.Build.0 = Debug|Any CPU
		{1C6C4E23-D9D8-4CA1-842F-B76B6E50D8DB}.Release|Any CPU.ActiveCfg = Release|Any CPU
		{1C6C4E23-D9D8-4CA1-842F-B76B6E50D8DB}.Release|Any CPU.Build.0 = Release|Any CPU
		{1C6C4E23-D9D8-4CA1-842F-B76B6E50D8DB}.Release|x64.ActiveCfg = Release|Any CPU
		{1C6C4E23-D9D8-4CA1-842F-B76B6E50D8DB}.Release|x64.Build.0 = Release|Any CPU
		{1C6C4E23-D9D8-4CA1-842F-B76B6E50D8DB}.Release|x86.ActiveCfg = Release|Any CPU
		{1C6C4E23-D9D8-4CA1-842F-B76B6E50D8DB}.Release|x86.Build.0 = Release|Any CPU
		{217235C2-2E8C-4AC8-8A05-BDA6A1CBF59D}.Debug|Any CPU.ActiveCfg = Debug|Any CPU
		{217235C2-2E8C-4AC8-8A05-BDA6A1CBF59D}.Debug|Any CPU.Build.0 = Debug|Any CPU
		{217235C2-2E8C-4AC8-8A05-BDA6A1CBF59D}.Debug|x64.ActiveCfg = Debug|Any CPU
		{217235C2-2E8C-4AC8-8A05-BDA6A1CBF59D}.Debug|x64.Build.0 = Debug|Any CPU
		{217235C2-2E8C-4AC8-8A05-BDA6A1CBF59D}.Debug|x86.ActiveCfg = Debug|Any CPU
		{217235C2-2E8C-4AC8-8A05-BDA6A1CBF59D}.Debug|x86.Build.0 = Debug|Any CPU
		{217235C2-2E8C-4AC8-8A05-BDA6A1CBF59D}.Release|Any CPU.ActiveCfg = Release|Any CPU
		{217235C2-2E8C-4AC8-8A05-BDA6A1CBF59D}.Release|Any CPU.Build.0 = Release|Any CPU
		{217235C2-2E8C-4AC8-8A05-BDA6A1CBF59D}.Release|x64.ActiveCfg = Release|Any CPU
		{217235C2-2E8C-4AC8-8A05-BDA6A1CBF59D}.Release|x64.Build.0 = Release|Any CPU
		{217235C2-2E8C-4AC8-8A05-BDA6A1CBF59D}.Release|x86.ActiveCfg = Release|Any CPU
		{217235C2-2E8C-4AC8-8A05-BDA6A1CBF59D}.Release|x86.Build.0 = Release|Any CPU
		{91C7B6F8-04B4-44E5-9BC3-E246A8FA4256}.Debug|Any CPU.ActiveCfg = Debug|Any CPU
		{91C7B6F8-04B4-44E5-9BC3-E246A8FA4256}.Debug|Any CPU.Build.0 = Debug|Any CPU
		{91C7B6F8-04B4-44E5-9BC3-E246A8FA4256}.Debug|x64.ActiveCfg = Debug|Any CPU
		{91C7B6F8-04B4-44E5-9BC3-E246A8FA4256}.Debug|x64.Build.0 = Debug|Any CPU
		{91C7B6F8-04B4-44E5-9BC3-E246A8FA4256}.Debug|x86.ActiveCfg = Debug|Any CPU
		{91C7B6F8-04B4-44E5-9BC3-E246A8FA4256}.Debug|x86.Build.0 = Debug|Any CPU
		{91C7B6F8-04B4-44E5-9BC3-E246A8FA4256}.Release|Any CPU.ActiveCfg = Release|Any CPU
		{91C7B6F8-04B4-44E5-9BC3-E246A8FA4256}.Release|Any CPU.Build.0 = Release|Any CPU
		{91C7B6F8-04B4-44E5-9BC3-E246A8FA4256}.Release|x64.ActiveCfg = Release|Any CPU
		{91C7B6F8-04B4-44E5-9BC3-E246A8FA4256}.Release|x64.Build.0 = Release|Any CPU
		{91C7B6F8-04B4-44E5-9BC3-E246A8FA4256}.Release|x86.ActiveCfg = Release|Any CPU
		{91C7B6F8-04B4-44E5-9BC3-E246A8FA4256}.Release|x86.Build.0 = Release|Any CPU
		{E819651F-FC66-4DF2-BCFF-6BC7F694739C}.Debug|Any CPU.ActiveCfg = Debug|Any CPU
		{E819651F-FC66-4DF2-BCFF-6BC7F694739C}.Debug|Any CPU.Build.0 = Debug|Any CPU
		{E819651F-FC66-4DF2-BCFF-6BC7F694739C}.Debug|x64.ActiveCfg = Debug|Any CPU
		{E819651F-FC66-4DF2-BCFF-6BC7F694739C}.Debug|x64.Build.0 = Debug|Any CPU
		{E819651F-FC66-4DF2-BCFF-6BC7F694739C}.Debug|x86.ActiveCfg = Debug|Any CPU
		{E819651F-FC66-4DF2-BCFF-6BC7F694739C}.Debug|x86.Build.0 = Debug|Any CPU
		{E819651F-FC66-4DF2-BCFF-6BC7F694739C}.Release|Any CPU.ActiveCfg = Release|Any CPU
		{E819651F-FC66-4DF2-BCFF-6BC7F694739C}.Release|Any CPU.Build.0 = Release|Any CPU
		{E819651F-FC66-4DF2-BCFF-6BC7F694739C}.Release|x64.ActiveCfg = Release|Any CPU
		{E819651F-FC66-4DF2-BCFF-6BC7F694739C}.Release|x64.Build.0 = Release|Any CPU
		{E819651F-FC66-4DF2-BCFF-6BC7F694739C}.Release|x86.ActiveCfg = Release|Any CPU
		{E819651F-FC66-4DF2-BCFF-6BC7F694739C}.Release|x86.Build.0 = Release|Any CPU
	EndGlobalSection
EndGlobal
